
Microsoft Visual Studio Solution File, Format Version 12.00
# Visual Studio Version 17
VisualStudioVersion = 17.1.32421.90
MinimumVisualStudioVersion = 10.0.40219.1
Project("{FAE04EC0-301F-11D3-BF4B-00C04F79EFBC}") = "firstapp", "firstapp\firstapp.csproj", "{F97D5D92-8FDD-4FBA-8DB7-E8D3B7CE100F}"
EndProject
Global
	GlobalSection(SolutionConfigurationPlatforms) = preSolution
		Debug|Any CPU = Debug|Any CPU
		Release|Any CPU = Release|Any CPU
	EndGlobalSection
	GlobalSection(ProjectConfigurationPlatforms) = postSolution
		{F97D5D92-8FDD-4FBA-8DB7-E8D3B7CE100F}.Debug|Any CPU.ActiveCfg = Debug|Any CPU
		{F97D5D92-8FDD-4FBA-8DB7-E8D3B7CE100F}.Debug|Any CPU.Build.0 = Debug|Any CPU
		{F97D5D92-8FDD-4FBA-8DB7-E8D3B7CE100F}.Release|Any CPU.ActiveCfg = Release|Any CPU
		{F97D5D92-8FDD-4FBA-8DB7-E8D3B7CE100F}.Release|Any CPU.Build.0 = Release|Any CPU
	EndGlobalSection
	GlobalSection(SolutionProperties) = preSolution
		HideSolutionNode = FALSE
	EndGlobalSection
	GlobalSection(ExtensibilityGlobals) = postSolution
		SolutionGuid = {D168606C-32E2-49F7-BE9F-F26F616DDDB6}
	EndGlobalSection
EndGlobal
